
Microsoft Visual Studio Solution File, Format Version 12.00
# Visual Studio 15
VisualStudioVersion = 15.0.28010.2050
MinimumVisualStudioVersion = 10.0.40219.1
Project("{8BC9CEB8-8B4A-11D0-8D11-00A0C91BC942}") = "ANN", "ANN\ANN.vcxproj", "{8B0C6494-1065-4E2A-90F5-1EDE39550100}"
EndProject
Global
	GlobalSection(SolutionConfigurationPlatforms) = preSolution
		Debug|x64 = Debug|x64
		Debug|x86 = Debug|x86
		Release|x64 = Release|x64
		Release|x86 = Release|x86
	EndGlobalSection
	GlobalSection(ProjectConfigurationPlatforms) = postSolution
		{8B0C6494-1065-4E2A-90F5-1EDE39550100}.Debug|x64.ActiveCfg = Debug|x64
		{8B0C6494-1065-4E2A-90F5-1EDE39550100}.Debug|x64.Build.0 = Debug|x64
		{8B0C6494-1065-4E2A-90F5-1EDE39550100}.Debug|x86.ActiveCfg = Debug|Win32
		{8B0C6494-1065-4E2A-90F5-1EDE39550100}.Debug|x86.Build.0 = Debug|Win32
		{8B0C6494-1065-4E2A-90F5-1EDE39550100}.Release|x64.ActiveCfg = Release|x64
		{8B0C6494-1065-4E2A-90F5-1EDE39550100}.Release|x64.Build.0 = Release|x64
		{8B0C6494-1065-4E2A-90F5-1EDE39550100}.Release|x86.ActiveCfg = Release|Win32
		{8B0C6494-1065-4E2A-90F5-1EDE39550100}.Release|x86.Build.0 = Release|Win32
	EndGlobalSection
	GlobalSection(SolutionProperties) = preSolution
		HideSolutionNode = FALSE
	EndGlobalSection
	GlobalSection(ExtensibilityGlobals) = postSolution
		SolutionGuid = {CB9B81B7-D986-43D8-A021-F98F1E62D3D7}
	EndGlobalSection
EndGlobal
